// !$*UTF8*$!
{
	archiveVersion = 1;
	classes = {
	};
	objectVersion = 50;
	objects = {

/* Begin PBXBuildFile section */
		E97576AE227A3D610046B0FC /* AppDelegate.swift in Sources */ = {isa = PBXBuildFile; fileRef = E97576AD227A3D610046B0FC /* AppDelegate.swift */; };
		E97576B0227A3D610046B0FC /* ViewController.swift in Sources */ = {isa = PBXBuildFile; fileRef = E97576AF227A3D610046B0FC /* ViewController.swift */; };
		E97576B3227A3D610046B0FC /* Main.storyboard in Resources */ = {isa = PBXBuildFile; fileRef = E97576B1227A3D610046B0FC /* Main.storyboard */; };
		E97576B5227A3D630046B0FC /* Assets.xcassets in Resources */ = {isa = PBXBuildFile; fileRef = E97576B4227A3D630046B0FC /* Assets.xcassets */; };
		E97576B8227A3D630046B0FC /* LaunchScreen.storyboard in Resources */ = {isa = PBXBuildFile; fileRef = E97576B6227A3D630046B0FC /* LaunchScreen.storyboard */; };
		E97576C3227A3D640046B0FC /* LocationTrackerTests.swift in Sources */ = {isa = PBXBuildFile; fileRef = E97576C2227A3D640046B0FC /* LocationTrackerTests.swift */; };
		E97576CE227A3D640046B0FC /* LocationTrackerUITests.swift in Sources */ = {isa = PBXBuildFile; fileRef = E97576CD227A3D640046B0FC /* LocationTrackerUITests.swift */; };
		E97576DD227A42890046B0FC /* PexelsCollectionViewCell.swift in Sources */ = {isa = PBXBuildFile; fileRef = E97576DC227A42890046B0FC /* PexelsCollectionViewCell.swift */; };
		E97576DF227A46B30046B0FC /* AllaboutCLLocationViewController.swift in Sources */ = {isa = PBXBuildFile; fileRef = E97576DE227A46B30046B0FC /* AllaboutCLLocationViewController.swift */; };
		E97576E1227B4A230046B0FC /* Struct.swift in Sources */ = {isa = PBXBuildFile; fileRef = E97576E0227B4A230046B0FC /* Struct.swift */; };
		E97576E3227B4AA20046B0FC /* CollectionCodeViewController.swift in Sources */ = {isa = PBXBuildFile; fileRef = E97576E2227B4AA20046B0FC /* CollectionCodeViewController.swift */; };
		E97576E8227B59750046B0FC /* Kingfisher.framework in Frameworks */ = {isa = PBXBuildFile; fileRef = E97576E7227B59750046B0FC /* Kingfisher.framework */; };
		E97576EA227B599B0046B0FC /* Kingfisher.framework in CopyFiles */ = {isa = PBXBuildFile; fileRef = E97576E7227B59750046B0FC /* Kingfisher.framework */; settings = {ATTRIBUTES = (CodeSignOnCopy, RemoveHeadersOnCopy, ); }; };
/* End PBXBuildFile section */

/* Begin PBXContainerItemProxy section */
		E97576BF227A3D640046B0FC /* PBXContainerItemProxy */ = {
			isa = PBXContainerItemProxy;
			containerPortal = E97576A2227A3D610046B0FC /* Project object */;
			proxyType = 1;
			remoteGlobalIDString = E97576A9227A3D610046B0FC;
			remoteInfo = LocationTracker;
		};
		E97576CA227A3D640046B0FC /* PBXContainerItemProxy */ = {
			isa = PBXContainerItemProxy;
			containerPortal = E97576A2227A3D610046B0FC /* Project object */;
			proxyType = 1;
			remoteGlobalIDString = E97576A9227A3D610046B0FC;
			remoteInfo = LocationTracker;
		};
/* End PBXContainerItemProxy section */

/* Begin PBXCopyFilesBuildPhase section */
		E97576E9227B59860046B0FC /* CopyFiles */ = {
			isa = PBXCopyFilesBuildPhase;
			buildActionMask = 2147483647;
			dstPath = "";
			dstSubfolderSpec = 10;
			files = (
				E97576EA227B599B0046B0FC /* Kingfisher.framework in CopyFiles */,
			);
			runOnlyForDeploymentPostprocessing = 0;
		};
/* End PBXCopyFilesBuildPhase section */

/* Begin PBXFileReference section */
		E97576AA227A3D610046B0FC /* LocationTracker.app */ = {isa = PBXFileReference; explicitFileType = wrapper.application; includeInIndex = 0; path = LocationTracker.app; sourceTree = BUILT_PRODUCTS_DIR; };
		E97576AD227A3D610046B0FC /* AppDelegate.swift */ = {isa = PBXFileReference; lastKnownFileType = sourcecode.swift; path = AppDelegate.swift; sourceTree = "<group>"; };
		E97576AF227A3D610046B0FC /* ViewController.swift */ = {isa = PBXFileReference; lastKnownFileType = sourcecode.swift; path = ViewController.swift; sourceTree = "<group>"; };
		E97576B2227A3D610046B0FC /* Base */ = {isa = PBXFileReference; lastKnownFileType = file.storyboard; name = Base; path = Base.lproj/Main.storyboard; sourceTree = "<group>"; };
		E97576B4227A3D630046B0FC /* Assets.xcassets */ = {isa = PBXFileReference; lastKnownFileType = folder.assetcatalog; path = Assets.xcassets; sourceTree = "<group>"; };
		E97576B7227A3D630046B0FC /* Base */ = {isa = PBXFileReference; lastKnownFileType = file.storyboard; name = Base; path = Base.lproj/LaunchScreen.storyboard; sourceTree = "<group>"; };
		E97576B9227A3D630046B0FC /* Info.plist */ = {isa = PBXFileReference; lastKnownFileType = text.plist.xml; path = Info.plist; sourceTree = "<group>"; };
		E97576BE227A3D640046B0FC /* LocationTrackerTests.xctest */ = {isa = PBXFileReference; explicitFileType = wrapper.cfbundle; includeInIndex = 0; path = LocationTrackerTests.xctest; sourceTree = BUILT_PRODUCTS_DIR; };
		E97576C2227A3D640046B0FC /* LocationTrackerTests.swift */ = {isa = PBXFileReference; lastKnownFileType = sourcecode.swift; path = LocationTrackerTests.swift; sourceTree = "<group>"; };
		E97576C4227A3D640046B0FC /* Info.plist */ = {isa = PBXFileReference; lastKnownFileType = text.plist.xml; path = Info.plist; sourceTree = "<group>"; };
		E97576C9227A3D640046B0FC /* LocationTrackerUITests.xctest */ = {isa = PBXFileReference; explicitFileType = wrapper.cfbundle; includeInIndex = 0; path = LocationTrackerUITests.xctest; sourceTree = BUILT_PRODUCTS_DIR; };
		E97576CD227A3D640046B0FC /* LocationTrackerUITests.swift */ = {isa = PBXFileReference; lastKnownFileType = sourcecode.swift; path = LocationTrackerUITests.swift; sourceTree = "<group>"; };
		E97576CF227A3D640046B0FC /* Info.plist */ = {isa = PBXFileReference; lastKnownFileType = text.plist.xml; path = Info.plist; sourceTree = "<group>"; };
		E97576DB227A3DA00046B0FC /* U9.gpx */ = {isa = PBXFileReference; lastKnownFileType = text.xml; path = U9.gpx; sourceTree = "<group>"; };
		E97576DC227A42890046B0FC /* PexelsCollectionViewCell.swift */ = {isa = PBXFileReference; lastKnownFileType = sourcecode.swift; path = PexelsCollectionViewCell.swift; sourceTree = "<group>"; };
		E97576DE227A46B30046B0FC /* AllaboutCLLocationViewController.swift */ = {isa = PBXFileReference; lastKnownFileType = sourcecode.swift; path = AllaboutCLLocationViewController.swift; sourceTree = "<group>"; };
		E97576E0227B4A230046B0FC /* Struct.swift */ = {isa = PBXFileReference; lastKnownFileType = sourcecode.swift; path = Struct.swift; sourceTree = "<group>"; };
		E97576E2227B4AA20046B0FC /* CollectionCodeViewController.swift */ = {isa = PBXFileReference; lastKnownFileType = sourcecode.swift; path = CollectionCodeViewController.swift; sourceTree = "<group>"; };
		E97576E7227B59750046B0FC /* Kingfisher.framework */ = {isa = PBXFileReference; lastKnownFileType = wrapper.framework; name = Kingfisher.framework; path = Carthage/Build/iOS/Kingfisher.framework; sourceTree = "<group>"; };
/* End PBXFileReference section */

/* Begin PBXFrameworksBuildPhase section */
		E97576A7227A3D610046B0FC /* Frameworks */ = {
			isa = PBXFrameworksBuildPhase;
			buildActionMask = 2147483647;
			files = (
				E97576E8227B59750046B0FC /* Kingfisher.framework in Frameworks */,
			);
			runOnlyForDeploymentPostprocessing = 0;
		};
		E97576BB227A3D640046B0FC /* Frameworks */ = {
			isa = PBXFrameworksBuildPhase;
			buildActionMask = 2147483647;
			files = (
			);
			runOnlyForDeploymentPostprocessing = 0;
		};
		E97576C6227A3D640046B0FC /* Frameworks */ = {
			isa = PBXFrameworksBuildPhase;
			buildActionMask = 2147483647;
			files = (
			);
			runOnlyForDeploymentPostprocessing = 0;
		};
/* End PBXFrameworksBuildPhase section */

/* Begin PBXGroup section */
		E97576A1227A3D610046B0FC = {
			isa = PBXGroup;
			children = (
				E97576DB227A3DA00046B0FC /* U9.gpx */,
				E97576AC227A3D610046B0FC /* LocationTracker */,
				E97576C1227A3D640046B0FC /* LocationTrackerTests */,
				E97576CC227A3D640046B0FC /* LocationTrackerUITests */,
				E97576AB227A3D610046B0FC /* Products */,
				E97576E6227B59750046B0FC /* Frameworks */,
			);
			sourceTree = "<group>";
		};
		E97576AB227A3D610046B0FC /* Products */ = {
			isa = PBXGroup;
			children = (
				E97576AA227A3D610046B0FC /* LocationTracker.app */,
				E97576BE227A3D640046B0FC /* LocationTrackerTests.xctest */,
				E97576C9227A3D640046B0FC /* LocationTrackerUITests.xctest */,
			);
			name = Products;
			sourceTree = "<group>";
		};
		E97576AC227A3D610046B0FC /* LocationTracker */ = {
			isa = PBXGroup;
			children = (
				E97576AD227A3D610046B0FC /* AppDelegate.swift */,
				E97576AF227A3D610046B0FC /* ViewController.swift */,
				E97576B1227A3D610046B0FC /* Main.storyboard */,
				E97576B4227A3D630046B0FC /* Assets.xcassets */,
				E97576B6227A3D630046B0FC /* LaunchScreen.storyboard */,
				E97576B9227A3D630046B0FC /* Info.plist */,
				E97576DC227A42890046B0FC /* PexelsCollectionViewCell.swift */,
				E97576DE227A46B30046B0FC /* AllaboutCLLocationViewController.swift */,
				E97576E0227B4A230046B0FC /* Struct.swift */,
				E97576E2227B4AA20046B0FC /* CollectionCodeViewController.swift */,
			);
			path = LocationTracker;
			sourceTree = "<group>";
		};
		E97576C1227A3D640046B0FC /* LocationTrackerTests */ = {
			isa = PBXGroup;
			children = (
				E97576C2227A3D640046B0FC /* LocationTrackerTests.swift */,
				E97576C4227A3D640046B0FC /* Info.plist */,
			);
			path = LocationTrackerTests;
			sourceTree = "<group>";
		};
		E97576CC227A3D640046B0FC /* LocationTrackerUITests */ = {
			isa = PBXGroup;
			children = (
				E97576CD227A3D640046B0FC /* LocationTrackerUITests.swift */,
				E97576CF227A3D640046B0FC /* Info.plist */,
			);
			path = LocationTrackerUITests;
			sourceTree = "<group>";
		};
		E97576E6227B59750046B0FC /* Frameworks */ = {
			isa = PBXGroup;
			children = (
				E97576E7227B59750046B0FC /* Kingfisher.framework */,
			);
			name = Frameworks;
			sourceTree = "<group>";
		};
/* End PBXGroup section */

/* Begin PBXNativeTarget section */
		E97576A9227A3D610046B0FC /* LocationTracker */ = {
			isa = PBXNativeTarget;
			buildConfigurationList = E97576D2227A3D640046B0FC /* Build configuration list for PBXNativeTarget "LocationTracker" */;
			buildPhases = (
				E97576A6227A3D610046B0FC /* Sources */,
				E97576A7227A3D610046B0FC /* Frameworks */,
				E97576A8227A3D610046B0FC /* Resources */,
				E97576E9227B59860046B0FC /* CopyFiles */,
			);
			buildRules = (
			);
			dependencies = (
			);
			name = LocationTracker;
			productName = LocationTracker;
			productReference = E97576AA227A3D610046B0FC /* LocationTracker.app */;
			productType = "com.apple.product-type.application";
		};
		E97576BD227A3D640046B0FC /* LocationTrackerTests */ = {
			isa = PBXNativeTarget;
			buildConfigurationList = E97576D5227A3D640046B0FC /* Build configuration list for PBXNativeTarget "LocationTrackerTests" */;
			buildPhases = (
				E97576BA227A3D640046B0FC /* Sources */,
				E97576BB227A3D640046B0FC /* Frameworks */,
				E97576BC227A3D640046B0FC /* Resources */,
			);
			buildRules = (
			);
			dependencies = (
				E97576C0227A3D640046B0FC /* PBXTargetDependency */,
			);
			name = LocationTrackerTests;
			productName = LocationTrackerTests;
			productReference = E97576BE227A3D640046B0FC /* LocationTrackerTests.xctest */;
			productType = "com.apple.product-type.bundle.unit-test";
		};
		E97576C8227A3D640046B0FC /* LocationTrackerUITests */ = {
			isa = PBXNativeTarget;
			buildConfigurationList = E97576D8227A3D640046B0FC /* Build configuration list for PBXNativeTarget "LocationTrackerUITests" */;
			buildPhases = (
				E97576C5227A3D640046B0FC /* Sources */,
				E97576C6227A3D640046B0FC /* Frameworks */,
				E97576C7227A3D640046B0FC /* Resources */,
			);
			buildRules = (
			);
			dependencies = (
				E97576CB227A3D640046B0FC /* PBXTargetDependency */,
			);
			name = LocationTrackerUITests;
			productName = LocationTrackerUITests;
			productReference = E97576C9227A3D640046B0FC /* LocationTrackerUITests.xctest */;
			productType = "com.apple.product-type.bundle.ui-testing";
		};
/* End PBXNativeTarget section */

/* Begin PBXProject section */
		E97576A2227A3D610046B0FC /* Project object */ = {
			isa = PBXProject;
			attributes = {
				LastSwiftUpdateCheck = 1020;
				LastUpgradeCheck = 1020;
				ORGANIZATIONNAME = "Deep Yoga";
				TargetAttributes = {
					E97576A9227A3D610046B0FC = {
						CreatedOnToolsVersion = 10.2.1;
						SystemCapabilities = {
							com.apple.BackgroundModes = {
								enabled = 1;
							};
						};
					};
					E97576BD227A3D640046B0FC = {
						CreatedOnToolsVersion = 10.2.1;
						TestTargetID = E97576A9227A3D610046B0FC;
					};
					E97576C8227A3D640046B0FC = {
						CreatedOnToolsVersion = 10.2.1;
						TestTargetID = E97576A9227A3D610046B0FC;
					};
				};
			};
			buildConfigurationList = E97576A5227A3D610046B0FC /* Build configuration list for PBXProject "LocationTracker" */;
			compatibilityVersion = "Xcode 9.3";
			developmentRegion = en;
			hasScannedForEncodings = 0;
			knownRegions = (
				en,
				Base,
			);
			mainGroup = E97576A1227A3D610046B0FC;
			productRefGroup = E97576AB227A3D610046B0FC /* Products */;
			projectDirPath = "";
			projectRoot = "";
			targets = (
				E97576A9227A3D610046B0FC /* LocationTracker */,
				E97576BD227A3D640046B0FC /* LocationTrackerTests */,
				E97576C8227A3D640046B0FC /* LocationTrackerUITests */,
			);
		};
/* End PBXProject section */

/* Begin PBXResourcesBuildPhase section */
		E97576A8227A3D610046B0FC /* Resources */ = {
			isa = PBXResourcesBuildPhase;
			buildActionMask = 2147483647;
			files = (
				E97576B8227A3D630046B0FC /* LaunchScreen.storyboard in Resources */,
				E97576B5227A3D630046B0FC /* Assets.xcassets in Resources */,
				E97576B3227A3D610046B0FC /* Main.storyboard in Resources */,
			);
			runOnlyForDeploymentPostprocessing = 0;
		};
		E97576BC227A3D640046B0FC /* Resources */ = {
			isa = PBXResourcesBuildPhase;
			buildActionMask = 2147483647;
			files = (
			);
			runOnlyForDeploymentPostprocessing = 0;
		};
		E97576C7227A3D640046B0FC /* Resources */ = {
			isa = PBXResourcesBuildPhase;
			buildActionMask = 2147483647;
			files = (
			);
			runOnlyForDeploymentPostprocessing = 0;
		};
/* End PBXResourcesBuildPhase section */

/* Begin PBXSourcesBuildPhase section */
		E97576A6227A3D610046B0FC /* Sources */ = {
			isa = PBXSourcesBuildPhase;
			buildActionMask = 2147483647;
			files = (
				E97576E1227B4A230046B0FC /* Struct.swift in Sources */,
				E97576E3227B4AA20046B0FC /* CollectionCodeViewController.swift in Sources */,
				E97576DF227A46B30046B0FC /* AllaboutCLLocationViewController.swift in Sources */,
				E97576B0227A3D610046B0FC /* ViewController.swift in Sources */,
				E97576AE227A3D610046B0FC /* AppDelegate.swift in Sources */,
				E97576DD227A42890046B0FC /* PexelsCollectionViewCell.swift in Sources */,
			);
			runOnlyForDeploymentPostprocessing = 0;
		};
		E97576BA227A3D640046B0FC /* Sources */ = {
			isa = PBXSourcesBuildPhase;
			buildActionMask = 2147483647;
			files = (
				E97576C3227A3D640046B0FC /* LocationTrackerTests.swift in Sources */,
			);
			runOnlyForDeploymentPostprocessing = 0;
		};
		E97576C5227A3D640046B0FC /* Sources */ = {
			isa = PBXSourcesBuildPhase;
			buildActionMask = 2147483647;
			files = (
				E97576CE227A3D640046B0FC /* LocationTrackerUITests.swift in Sources */,
			);
			runOnlyForDeploymentPostprocessing = 0;
		};
/* End PBXSourcesBuildPhase section */

/* Begin PBXTargetDependency section */
		E97576C0227A3D640046B0FC /* PBXTargetDependency */ = {
			isa = PBXTargetDependency;
			target = E97576A9227A3D610046B0FC /* LocationTracker */;
			targetProxy = E97576BF227A3D640046B0FC /* PBXContainerItemProxy */;
		};
		E97576CB227A3D640046B0FC /* PBXTargetDependency */ = {
			isa = PBXTargetDependency;
			target = E97576A9227A3D610046B0FC /* LocationTracker */;
			targetProxy = E97576CA227A3D640046B0FC /* PBXContainerItemProxy */;
		};
/* End PBXTargetDependency section */

/* Begin PBXVariantGroup section */
		E97576B1227A3D610046B0FC /* Main.storyboard */ = {
			isa = PBXVariantGroup;
			children = (
				E97576B2227A3D610046B0FC /* Base */,
			);
			name = Main.storyboard;
			sourceTree = "<group>";
		};
		E97576B6227A3D630046B0FC /* LaunchScreen.storyboard */ = {
			isa = PBXVariantGroup;
			children = (
				E97576B7227A3D630046B0FC /* Base */,
			);
			name = LaunchScreen.storyboard;
			sourceTree = "<group>";
		};
/* End PBXVariantGroup section */

/* Begin XCBuildConfiguration section */
		E97576D0227A3D640046B0FC /* Debug */ = {
			isa = XCBuildConfiguration;
			buildSettings = {
				ALWAYS_SEARCH_USER_PATHS = NO;
				CLANG_ANALYZER_NONNULL = YES;
				CLANG_ANALYZER_NUMBER_OBJECT_CONVERSION = YES_AGGRESSIVE;
				CLANG_CXX_LANGUAGE_STANDARD = "gnu++14";
				CLANG_CXX_LIBRARY = "libc++";
				CLANG_ENABLE_MODULES = YES;
				CLANG_ENABLE_OBJC_ARC = YES;
				CLANG_ENABLE_OBJC_WEAK = YES;
				CLANG_WARN_BLOCK_CAPTURE_AUTORELEASING = YES;
				CLANG_WARN_BOOL_CONVERSION = YES;
				CLANG_WARN_COMMA = YES;
				CLANG_WARN_CONSTANT_CONVERSION = YES;
				CLANG_WARN_DEPRECATED_OBJC_IMPLEMENTATIONS = YES;
				CLANG_WARN_DIRECT_OBJC_ISA_USAGE = YES_ERROR;
				CLANG_WARN_DOCUMENTATION_COMMENTS = YES;
				CLANG_WARN_EMPTY_BODY = YES;
				CLANG_WARN_ENUM_CONVERSION = YES;
				CLANG_WARN_INFINITE_RECURSION = YES;
				CLANG_WARN_INT_CONVERSION = YES;
				CLANG_WARN_NON_LITERAL_NULL_CONVERSION = YES;
				CLANG_WARN_OBJC_IMPLICIT_RETAIN_SELF = YES;
				CLANG_WARN_OBJC_LITERAL_CONVERSION = YES;
				CLANG_WARN_OBJC_ROOT_CLASS = YES_ERROR;
				CLANG_WARN_RANGE_LOOP_ANALYSIS = YES;
				CLANG_WARN_STRICT_PROTOTYPES = YES;
				CLANG_WARN_SUSPICIOUS_MOVE = YES;
				CLANG_WARN_UNGUARDED_AVAILABILITY = YES_AGGRESSIVE;
				CLANG_WARN_UNREACHABLE_CODE = YES;
				CLANG_WARN__DUPLICATE_METHOD_MATCH = YES;
				CODE_SIGN_IDENTITY = "iPhone Developer";
				COPY_PHASE_STRIP = NO;
				DEBUG_INFORMATION_FORMAT = dwarf;
				ENABLE_STRICT_OBJC_MSGSEND = YES;
				ENABLE_TESTABILITY = YES;
				GCC_C_LANGUAGE_STANDARD = gnu11;
				GCC_DYNAMIC_NO_PIC = NO;
				GCC_NO_COMMON_BLOCKS = YES;
				GCC_OPTIMIZATION_LEVEL = 0;
				GCC_PREPROCESSOR_DEFINITIONS = (
					"DEBUG=1",
					"$(inherited)",
				);
				GCC_WARN_64_TO_32_BIT_CONVERSION = YES;
				GCC_WARN_ABOUT_RETURN_TYPE = YES_ERROR;
				GCC_WARN_UNDECLARED_SELECTOR = YES;
				GCC_WARN_UNINITIALIZED_AUTOS = YES_AGGRESSIVE;
				GCC_WARN_UNUSED_FUNCTION = YES;
				GCC_WARN_UNUSED_VARIABLE = YES;
				IPHONEOS_DEPLOYMENT_TARGET = 12.2;
				MTL_ENABLE_DEBUG_INFO = INCLUDE_SOURCE;
				MTL_FAST_MATH = YES;
				ONLY_ACTIVE_ARCH = YES;
				SDKROOT = iphoneos;
				SWIFT_ACTIVE_COMPILATION_CONDITIONS = DEBUG;
				SWIFT_OPTIMIZATION_LEVEL = "-Onone";
			};
			name = Debug;
		};
		E97576D1227A3D640046B0FC /* Release */ = {
			isa = XCBuildConfiguration;
			buildSettings = {
				ALWAYS_SEARCH_USER_PATHS = NO;
				CLANG_ANALYZER_NONNULL = YES;
				CLANG_ANALYZER_NUMBER_OBJECT_CONVERSION = YES_AGGRESSIVE;
				CLANG_CXX_LANGUAGE_STANDARD = "gnu++14";
				CLANG_CXX_LIBRARY = "libc++";
				CLANG_ENABLE_MODULES = YES;
				CLANG_ENABLE_OBJC_ARC = YES;
				CLANG_ENABLE_OBJC_WEAK = YES;
				CLANG_WARN_BLOCK_CAPTURE_AUTORELEASING = YES;
				CLANG_WARN_BOOL_CONVERSION = YES;
				CLANG_WARN_COMMA = YES;
				CLANG_WARN_CONSTANT_CONVERSION = YES;
				CLANG_WARN_DEPRECATED_OBJC_IMPLEMENTATIONS = YES;
				CLANG_WARN_DIRECT_OBJC_ISA_USAGE = YES_ERROR;
				CLANG_WARN_DOCUMENTATION_COMMENTS = YES;
				CLANG_WARN_EMPTY_BODY = YES;
				CLANG_WARN_ENUM_CONVERSION = YES;
				CLANG_WARN_INFINITE_RECURSION = YES;
				CLANG_WARN_INT_CONVERSION = YES;
				CLANG_WARN_NON_LITERAL_NULL_CONVERSION = YES;
				CLANG_WARN_OBJC_IMPLICIT_RETAIN_SELF = YES;
				CLANG_WARN_OBJC_LITERAL_CONVERSION = YES;
				CLANG_WARN_OBJC_ROOT_CLASS = YES_ERROR;
				CLANG_WARN_RANGE_LOOP_ANALYSIS = YES;
				CLANG_WARN_STRICT_PROTOTYPES = YES;
				CLANG_WARN_SUSPICIOUS_MOVE = YES;
				CLANG_WARN_UNGUARDED_AVAILABILITY = YES_AGGRESSIVE;
				CLANG_WARN_UNREACHABLE_CODE = YES;
				CLANG_WARN__DUPLICATE_METHOD_MATCH = YES;
				CODE_SIGN_IDENTITY = "iPhone Developer";
				COPY_PHASE_STRIP = NO;
				DEBUG_INFORMATION_FORMAT = "dwarf-with-dsym";
				ENABLE_NS_ASSERTIONS = NO;
				ENABLE_STRICT_OBJC_MSGSEND = YES;
				GCC_C_LANGUAGE_STANDARD = gnu11;
				GCC_NO_COMMON_BLOCKS = YES;
				GCC_WARN_64_TO_32_BIT_CONVERSION = YES;
				GCC_WARN_ABOUT_RETURN_TYPE = YES_ERROR;
				GCC_WARN_UNDECLARED_SELECTOR = YES;
				GCC_WARN_UNINITIALIZED_AUTOS = YES_AGGRESSIVE;
				GCC_WARN_UNUSED_FUNCTION = YES;
				GCC_WARN_UNUSED_VARIABLE = YES;
				IPHONEOS_DEPLOYMENT_TARGET = 12.2;
				MTL_ENABLE_DEBUG_INFO = NO;
				MTL_FAST_MATH = YES;
				SDKROOT = iphoneos;
				SWIFT_COMPILATION_MODE = wholemodule;
				SWIFT_OPTIMIZATION_LEVEL = "-O";
				VALIDATE_PRODUCT = YES;
			};
			name = Release;
		};
		E97576D3227A3D640046B0FC /* Debug */ = {
			isa = XCBuildConfiguration;
			buildSettings = {
				ASSETCATALOG_COMPILER_APPICON_NAME = AppIcon;
				CODE_SIGN_STYLE = Automatic;
				DEVELOPMENT_TEAM = V733AGVCML;
				FRAMEWORK_SEARCH_PATHS = (
					"$(inherited)",
					"$(PROJECT_DIR)/Carthage/Build/iOS",
				);
				INFOPLIST_FILE = LocationTracker/Info.plist;
				IPHONEOS_DEPLOYMENT_TARGET = 12.1;
				LD_RUNPATH_SEARCH_PATHS = (
					"$(inherited)",
					"@executable_path/Frameworks",
				);
				PRODUCT_BUNDLE_IDENTIFIER = de.yoga.deep.LocationTracker;
				PRODUCT_NAME = "$(TARGET_NAME)";
				SWIFT_VERSION = 5.0;
				TARGETED_DEVICE_FAMILY = "1,2";
			};
			name = Debug;
		};
		E97576D4227A3D640046B0FC /* Release */ = {
			isa = XCBuildConfiguration;
			buildSettings = {
				ASSETCATALOG_COMPILER_APPICON_NAME = AppIcon;
				CODE_SIGN_STYLE = Automatic;
				DEVELOPMENT_TEAM = V733AGVCML;
				FRAMEWORK_SEARCH_PATHS = (
					"$(inherited)",
					"$(PROJECT_DIR)/Carthage/Build/iOS",
				);
				INFOPLIST_FILE = LocationTracker/Info.plist;
				IPHONEOS_DEPLOYMENT_TARGET = 12.1;
				LD_RUNPATH_SEARCH_PATHS = (
					"$(inherited)",
					"@executable_path/Frameworks",
				);
				PRODUCT_BUNDLE_IDENTIFIER = de.yoga.deep.LocationTracker;
				PRODUCT_NAME = "$(TARGET_NAME)";
				SWIFT_VERSION = 5.0;
				TARGETED_DEVICE_FAMILY = "1,2";
			};
			name = Release;
		};
		E97576D6227A3D640046B0FC /* Debug */ = {
			isa = XCBuildConfiguration;
			buildSettings = {
				ALWAYS_EMBED_SWIFT_STANDARD_LIBRARIES = YES;
				BUNDLE_LOADER = "$(TEST_HOST)";
				CODE_SIGN_STYLE = Automatic;
				DEVELOPMENT_TEAM = V733AGVCML;
				INFOPLIST_FILE = LocationTrackerTests/Info.plist;
				LD_RUNPATH_SEARCH_PATHS = (
					"$(inherited)",
					"@executable_path/Frameworks",
					"@loader_path/Frameworks",
				);
				PRODUCT_BUNDLE_IDENTIFIER = de.yoga.deep.LocationTrackerTests;
				PRODUCT_NAME = "$(TARGET_NAME)";
				SWIFT_VERSION = 5.0;
				TARGETED_DEVICE_FAMILY = "1,2";
				TEST_HOST = "$(BUILT_PRODUCTS_DIR)/LocationTracker.app/LocationTracker";
			};
			name = Debug;
		};
		E97576D7227A3D640046B0FC /* Release */ = {
			isa = XCBuildConfiguration;
			buildSettings = {
				ALWAYS_EMBED_SWIFT_STANDARD_LIBRARIES = YES;
				BUNDLE_LOADER = "$(TEST_HOST)";
				CODE_SIGN_STYLE = Automatic;
				DEVELOPMENT_TEAM = V733AGVCML;
				INFOPLIST_FILE = LocationTrackerTests/Info.plist;
				LD_RUNPATH_SEARCH_PATHS = (
					"$(inherited)",
					"@executable_path/Frameworks",
					"@loader_path/Frameworks",
				);
				PRODUCT_BUNDLE_IDENTIFIER = de.yoga.deep.LocationTrackerTests;
				PRODUCT_NAME = "$(TARGET_NAME)";
				SWIFT_VERSION = 5.0;
				TARGETED_DEVICE_FAMILY = "1,2";
				TEST_HOST = "$(BUILT_PRODUCTS_DIR)/LocationTracker.app/LocationTracker";
			};
			name = Release;
		};
		E97576D9227A3D640046B0FC /* Debug */ = {
			isa = XCBuildConfiguration;
			buildSettings = {
				ALWAYS_EMBED_SWIFT_STANDARD_LIBRARIES = YES;
				CODE_SIGN_STYLE = Automatic;
				DEVELOPMENT_TEAM = V733AGVCML;
				INFOPLIST_FILE = LocationTrackerUITests/Info.plist;
				LD_RUNPATH_SEARCH_PATHS = (
					"$(inherited)",
					"@executable_path/Frameworks",
					"@loader_path/Frameworks",
				);
				PRODUCT_BUNDLE_IDENTIFIER = de.yoga.deep.LocationTrackerUITests;
				PRODUCT_NAME = "$(TARGET_NAME)";
				SWIFT_VERSION = 5.0;
				TARGETED_DEVICE_FAMILY = "1,2";
				TEST_TARGET_NAME = LocationTracker;
			};
			name = Debug;
		};
		E97576DA227A3D640046B0FC /* Release */ = {
			isa = XCBuildConfiguration;
			buildSettings = {
				ALWAYS_EMBED_SWIFT_STANDARD_LIBRARIES = YES;
				CODE_SIGN_STYLE = Automatic;
				DEVELOPMENT_TEAM = V733AGVCML;
				INFOPLIST_FILE = LocationTrackerUITests/Info.plist;
				LD_RUNPATH_SEARCH_PATHS = (
					"$(inherited)",
					"@executable_path/Frameworks",
					"@loader_path/Frameworks",
				);
				PRODUCT_BUNDLE_IDENTIFIER = de.yoga.deep.LocationTrackerUITests;
				PRODUCT_NAME = "$(TARGET_NAME)";
				SWIFT_VERSION = 5.0;
				TARGETED_DEVICE_FAMILY = "1,2";
				TEST_TARGET_NAME = LocationTracker;
			};
			name = Release;
		};
/* End XCBuildConfiguration section */

/* Begin XCConfigurationList section */
		E97576A5227A3D610046B0FC /* Build configuration list for PBXProject "LocationTracker" */ = {
			isa = XCConfigurationList;
			buildConfigurations = (
				E97576D0227A3D640046B0FC /* Debug */,
				E97576D1227A3D640046B0FC /* Release */,
			);
			defaultConfigurationIsVisible = 0;
			defaultConfigurationName = Release;
		};
		E97576D2227A3D640046B0FC /* Build configuration list for PBXNativeTarget "LocationTracker" */ = {
			isa = XCConfigurationList;
			buildConfigurations = (
				E97576D3227A3D640046B0FC /* Debug */,
				E97576D4227A3D640046B0FC /* Release */,
			);
			defaultConfigurationIsVisible = 0;
			defaultConfigurationName = Release;
		};
		E97576D5227A3D640046B0FC /* Build configuration list for PBXNativeTarget "LocationTrackerTests" */ = {
			isa = XCConfigurationList;
			buildConfigurations = (
				E97576D6227A3D640046B0FC /* Debug */,
				E97576D7227A3D640046B0FC /* Release */,
			);
			defaultConfigurationIsVisible = 0;
			defaultConfigurationName = Release;
		};
		E97576D8227A3D640046B0FC /* Build configuration list for PBXNativeTarget "LocationTrackerUITests" */ = {
			isa = XCConfigurationList;
			buildConfigurations = (
				E97576D9227A3D640046B0FC /* Debug */,
				E97576DA227A3D640046B0FC /* Release */,
			);
			defaultConfigurationIsVisible = 0;
			defaultConfigurationName = Release;
		};
/* End XCConfigurationList section */
	};
	rootObject = E97576A2227A3D610046B0FC /* Project object */;
}
